{
  "object": {
    "pins": [
      {
        "package": "i3s",
        "repositoryURL": "https://github.com/itsravenous/SwiftCppPackage",
        "state": {
          "branch": null,
          "revision": "aa7812755b006870904798c2b2421c3d54530dfa",
          "version": "1.1.0"
        }
      },
      {
        "package": "I3S",
        "repositoryURL": "https://github.com/mwsrp/i3s-swift-wrapper",
        "state": {
          "branch": null,
          "revision": "ce96d635717058477755003102ea859245dbe63b",
          "version": "1.0.0"
        }
      },
      {
        "package": "MyLibrary",
        "repositoryURL": "https://github.com/itsravenous/SwiftMyLibrary",
        "state": {
          "branch": null,
          "revision": "86d1bf6f9487f7a73a1bd58590b2c3747a2bee48",
          "version": "1.0.1"
        }
      }
    ]
  },
  "version": 1
}
